
Microsoft Visual Studio Solution File, Format Version 12.00
# Visual Studio Version 17
VisualStudioVersion = 17.8.34511.84
MinimumVisualStudioVersion = 10.0.40219.1
Project("{FAE04EC0-301F-11D3-BF4B-00C04F79EFBC}") = "appWeb01", "appWeb01\appWeb01.csproj", "{7834A0B0-477D-4B30-B286-77EC54344607}"
EndProject
Global
	GlobalSection(SolutionConfigurationPlatforms) = preSolution
		Debug|Any CPU = Debug|Any CPU
		Release|Any CPU = Release|Any CPU
	EndGlobalSection
	GlobalSection(ProjectConfigurationPlatforms) = postSolution
		{7834A0B0-477D-4B30-B286-77EC54344607}.Debug|Any CPU.ActiveCfg = Debug|Any CPU
		{7834A0B0-477D-4B30-B286-77EC54344607}.Debug|Any CPU.Build.0 = Debug|Any CPU
		{7834A0B0-477D-4B30-B286-77EC54344607}.Release|Any CPU.ActiveCfg = Release|Any CPU
		{7834A0B0-477D-4B30-B286-77EC54344607}.Release|Any CPU.Build.0 = Release|Any CPU
	EndGlobalSection
	GlobalSection(SolutionProperties) = preSolution
		HideSolutionNode = FALSE
	EndGlobalSection
	GlobalSection(ExtensibilityGlobals) = postSolution
		SolutionGuid = {729178FA-A345-4364-A305-0263C0F1E216}
	EndGlobalSection
EndGlobal
