
Microsoft Visual Studio Solution File, Format Version 12.00
# Visual Studio Version 17
VisualStudioVersion = 17.11.35222.181
MinimumVisualStudioVersion = 10.0.40219.1
Project("{FAE04EC0-301F-11D3-BF4B-00C04F79EFBC}") = "appWeb03", "appWeb03\appWeb03.csproj", "{2517C32F-F2AC-4122-BE46-DA3A5D24EB02}"
EndProject
Global
	GlobalSection(SolutionConfigurationPlatforms) = preSolution
		Debug|Any CPU = Debug|Any CPU
		Release|Any CPU = Release|Any CPU
	EndGlobalSection
	GlobalSection(ProjectConfigurationPlatforms) = postSolution
		{2517C32F-F2AC-4122-BE46-DA3A5D24EB02}.Debug|Any CPU.ActiveCfg = Debug|Any CPU
		{2517C32F-F2AC-4122-BE46-DA3A5D24EB02}.Debug|Any CPU.Build.0 = Debug|Any CPU
		{2517C32F-F2AC-4122-BE46-DA3A5D24EB02}.Release|Any CPU.ActiveCfg = Release|Any CPU
		{2517C32F-F2AC-4122-BE46-DA3A5D24EB02}.Release|Any CPU.Build.0 = Release|Any CPU
	EndGlobalSection
	GlobalSection(SolutionProperties) = preSolution
		HideSolutionNode = FALSE
	EndGlobalSection
	GlobalSection(ExtensibilityGlobals) = postSolution
		SolutionGuid = {87FF39CB-3B7F-460E-9362-0DFF2A6F227F}
	EndGlobalSection
EndGlobal
