
Microsoft Visual Studio Solution File, Format Version 12.00
# Visual Studio Version 17
VisualStudioVersion = 17.11.35222.181
MinimumVisualStudioVersion = 10.0.40219.1
Project("{FAE04EC0-301F-11D3-BF4B-00C04F79EFBC}") = "appWeb02", "appWeb02\appWeb02.csproj", "{FC0E216D-D051-4BC0-AD69-D8600AE2CB14}"
EndProject
Global
	GlobalSection(SolutionConfigurationPlatforms) = preSolution
		Debug|Any CPU = Debug|Any CPU
		Release|Any CPU = Release|Any CPU
	EndGlobalSection
	GlobalSection(ProjectConfigurationPlatforms) = postSolution
		{FC0E216D-D051-4BC0-AD69-D8600AE2CB14}.Debug|Any CPU.ActiveCfg = Debug|Any CPU
		{FC0E216D-D051-4BC0-AD69-D8600AE2CB14}.Debug|Any CPU.Build.0 = Debug|Any CPU
		{FC0E216D-D051-4BC0-AD69-D8600AE2CB14}.Release|Any CPU.ActiveCfg = Release|Any CPU
		{FC0E216D-D051-4BC0-AD69-D8600AE2CB14}.Release|Any CPU.Build.0 = Release|Any CPU
	EndGlobalSection
	GlobalSection(SolutionProperties) = preSolution
		HideSolutionNode = FALSE
	EndGlobalSection
	GlobalSection(ExtensibilityGlobals) = postSolution
		SolutionGuid = {AC030A43-63BC-4CD9-9B14-EBB4EA519C40}
	EndGlobalSection
EndGlobal
