
Microsoft Visual Studio Solution File, Format Version 12.00
# Visual Studio Version 17
VisualStudioVersion = 17.11.35222.181
MinimumVisualStudioVersion = 10.0.40219.1
Project("{FAE04EC0-301F-11D3-BF4B-00C04F79EFBC}") = "appWeb04", "appWeb04\appWeb04.csproj", "{728D82C5-C923-4125-80C3-E959A7D3ABEF}"
EndProject
Global
	GlobalSection(SolutionConfigurationPlatforms) = preSolution
		Debug|Any CPU = Debug|Any CPU
		Release|Any CPU = Release|Any CPU
	EndGlobalSection
	GlobalSection(ProjectConfigurationPlatforms) = postSolution
		{728D82C5-C923-4125-80C3-E959A7D3ABEF}.Debug|Any CPU.ActiveCfg = Debug|Any CPU
		{728D82C5-C923-4125-80C3-E959A7D3ABEF}.Debug|Any CPU.Build.0 = Debug|Any CPU
		{728D82C5-C923-4125-80C3-E959A7D3ABEF}.Release|Any CPU.ActiveCfg = Release|Any CPU
		{728D82C5-C923-4125-80C3-E959A7D3ABEF}.Release|Any CPU.Build.0 = Release|Any CPU
	EndGlobalSection
	GlobalSection(SolutionProperties) = preSolution
		HideSolutionNode = FALSE
	EndGlobalSection
	GlobalSection(ExtensibilityGlobals) = postSolution
		SolutionGuid = {0CC5A03C-B58C-4705-8DC3-42501A4AE17B}
	EndGlobalSection
EndGlobal
